<?xml version="1.0" encoding="utf-8"?>
<Project ToolsVersion="4.0" xmlns="http://schemas.microsoft.com/developer/msbuild/2003">
  <ItemGroup>
    <Filter Include="Source Files">
      <UniqueIdentifier>{8e199a99-5e31-4620-8fde-3d5eb3fef38e}</UniqueIdentifier>
    </Filter>
    <Filter Include="Header Files">
      <UniqueIdentifier>{bd197100-cf15-427f-8360-ebf2a9235bdc}</UniqueIdentifier>
    </Filter>
    <Filter Include="Source Files\glew">
      <UniqueIdentifier>{7895e7a7-8470-48e6-b557-2b1ea2e3ff8e}</UniqueIdentifier>
    </Filter>
  </ItemGroup>
  <ItemGroup>
    <ClCompile Include="src\glew.c">
      <Filter>Source Files\glew</Filter>
    </ClCompile>
    <ClCompile Include="src\CustomWindowStyle.cpp">
      <Filter>Source Files</Filter>
    </ClCompile>
    <ClCompile Include="src\Font.cpp">
      <Filter>Source Files</Filter>
    </ClCompile>
    <ClCompile Include="src\Framebuffer.cpp">
      <Filter>Source Files</Filter>
    </ClCompile>
    <ClCompile Include="src\Image.cpp">
      <Filter>Source Files</Filter>
    </ClCompile>
    <ClCompile Include="src\ImageLoader.cpp">
      <Filter>Source Files</Filter>
    </ClCompile>
    <ClCompile Include="src\Material.cpp">
      <Filter>Source Files</Filter>
    </ClCompile>
    <ClCompile Include="src\Mesh.cpp">
      <Filter>Source Files</Filter>
    </ClCompile>
    <ClCompile Include="src\MeshGenerators.cpp">
      <Filter>Source Files</Filter>
    </ClCompile>
    <ClCompile Include="src\OpenGL.cpp">
      <Filter>Source Files</Filter>
    </ClCompile>
    <ClCompile Include="src\ParticleSystem.cpp">
      <Filter>Source Files</Filter>
    </ClCompile>
    <ClCompile Include="src\RenderQueue.cpp">
      <Filter>Source Files</Filter>
    </ClCompile>
    <ClCompile Include="src\ResourceManager.cpp">
      <Filter>Source Files</Filter>
    </ClCompile>
    <ClCompile Include="src\Shader.cpp">
      <Filter>Source Files</Filter>
    </ClCompile>
    <ClCompile Include="src\SpriteMap.cpp">
      <Filter>Source Files</Filter>
    </ClCompile>
    <ClCompile Include="src\stdafx.cpp">
      <Filter>Source Files</Filter>
    </ClCompile>
    <ClCompile Include="src\Texture.cpp">
      <Filter>Source Files</Filter>
    </ClCompile>
    <ClCompile Include="src\Window.cpp">
      <Filter>Source Files</Filter>
    </ClCompile>
    <ClCompile Include="src\Window_Internal.cpp">
      <Filter>Source Files</Filter>
    </ClCompile>
  </ItemGroup>
  <ItemGroup>
    <ClInclude Include="src\stdafx.h">
      <Filter>Source Files</Filter>
    </ClInclude>
    <ClInclude Include="src\Window_Internal.hpp">
      <Filter>Source Files</Filter>
    </ClInclude>
    <ClInclude Include="include\Graphics\CustomWindowStyle.hpp">
      <Filter>Header Files</Filter>
    </ClInclude>
    <ClInclude Include="include\Graphics\Font.hpp">
      <Filter>Header Files</Filter>
    </ClInclude>
    <ClInclude Include="include\Graphics\Framebuffer.hpp">
      <Filter>Header Files</Filter>
    </ClInclude>
    <ClInclude Include="include\Graphics\GL.hpp">
      <Filter>Header Files</Filter>
    </ClInclude>
    <ClInclude Include="include\Graphics\Image.hpp">
      <Filter>Header Files</Filter>
    </ClInclude>
    <ClInclude Include="include\Graphics\ImageLoader.hpp">
      <Filter>Header Files</Filter>
    </ClInclude>
    <ClInclude Include="include\Graphics\Material.hpp">
      <Filter>Header Files</Filter>
    </ClInclude>
    <ClInclude Include="include\Graphics\Mesh.hpp">
      <Filter>Header Files</Filter>
    </ClInclude>
    <ClInclude Include="include\Graphics\MeshGenerators.hpp">
      <Filter>Header Files</Filter>
    </ClInclude>
    <ClInclude Include="include\Graphics\OpenGL.hpp">
      <Filter>Header Files</Filter>
    </ClInclude>
    <ClInclude Include="include\Graphics\ParticleEmitter.hpp">
      <Filter>Header Files</Filter>
    </ClInclude>
    <ClInclude Include="include\Graphics\ParticleParameter.hpp">
      <Filter>Header Files</Filter>
    </ClInclude>
    <ClInclude Include="include\Graphics\ParticleParameters.hpp">
      <Filter>Header Files</Filter>
    </ClInclude>
    <ClInclude Include="include\Graphics\ParticleSystem.hpp">
      <Filter>Header Files</Filter>
    </ClInclude>
    <ClInclude Include="include\Graphics\RenderQueue.hpp">
      <Filter>Header Files</Filter>
    </ClInclude>
    <ClInclude Include="include\Graphics\RenderState.hpp">
      <Filter>Header Files</Filter>
    </ClInclude>
    <ClInclude Include="include\Graphics\ResourceManager.hpp">
      <Filter>Header Files</Filter>
    </ClInclude>
    <ClInclude Include="include\Graphics\ResourceTypes.hpp">
      <Filter>Header Files</Filter>
    </ClInclude>
    <ClInclude Include="include\Graphics\Shader.hpp">
      <Filter>Header Files</Filter>
    </ClInclude>
    <ClInclude Include="include\Graphics\Texture.hpp">
      <Filter>Header Files</Filter>
    </ClInclude>
    <ClInclude Include="include\Graphics\VertexFormat.hpp">
      <Filter>Header Files</Filter>
    </ClInclude>
    <ClInclude Include="include\Graphics\Window.hpp">
      <Filter>Header Files</Filter>
    </ClInclude>
  </ItemGroup>
</Project>