
Microsoft Visual Studio Solution File, Format Version 12.00
# Visual Studio 14
VisualStudioVersion = 14.0.25123.0
MinimumVisualStudioVersion = 10.0.40219.1
Project("{8BC9CEB8-8B4A-11D0-8D11-00A0C91BC942}") = "Main", "Main\Main.vcxproj", "{0CD73BCD-9070-4BCF-ADFD-898BD86B5826}"
EndProject
Project("{8BC9CEB8-8B4A-11D0-8D11-00A0C91BC942}") = "Shared", "Shared\Shared.vcxproj", "{D7388E0F-7B3B-4154-A521-95571E89D0CA}"
EndProject
Project("{2150E333-8FDC-42A3-9474-1A3956D46DE8}") = "External", "External", "{A22AC5EF-3FAB-4632-8A68-A680C23637F5}"
EndProject
Project("{2150E333-8FDC-42A3-9474-1A3956D46DE8}") = "Lib", "Lib", "{3E68A802-0FE2-4A44-82E8-C33450399CE1}"
EndProject
Project("{2150E333-8FDC-42A3-9474-1A3956D46DE8}") = "Project Templates", "Project Templates", "{C1EB7D80-0222-4E4B-9A89-2B578FDF52E7}"
EndProject
Project("{8BC9CEB8-8B4A-11D0-8D11-00A0C91BC942}") = "AppTemplate", "ProjectTemplates\AppTemplate\AppTemplate.vcxproj", "{9271B263-87C5-4587-AF2F-1C1DB448DA95}"
EndProject
Project("{8BC9CEB8-8B4A-11D0-8D11-00A0C91BC942}") = "LibTemplate", "ProjectTemplates\LibTemplate\LibTemplate.vcxproj", "{1C81B87B-89D0-41D0-96E4-EE1C9DA27FBC}"
EndProject
Project("{8BC9CEB8-8B4A-11D0-8D11-00A0C91BC942}") = "freetype", "third_party\freetype.vcxproj", "{AA8C6DE9-0DBA-4F64-BA2C-937EFEEBB4ED}"
EndProject
Project("{8BC9CEB8-8B4A-11D0-8D11-00A0C91BC942}") = "jpeg", "third_party\jpeg.vcxproj", "{DE75831E-5515-4653-A8F3-5B6FFECC82CB}"
EndProject
Project("{8BC9CEB8-8B4A-11D0-8D11-00A0C91BC942}") = "LZMA", "third_party\LZMA.vcxproj", "{3CFCB135-A66C-493A-88C7-C5AB17CBBFBE}"
EndProject
Project("{8BC9CEB8-8B4A-11D0-8D11-00A0C91BC942}") = "png", "third_party\png.vcxproj", "{0982A493-8511-4892-AE12-D1E924654CCC}"
EndProject
Project("{8BC9CEB8-8B4A-11D0-8D11-00A0C91BC942}") = "zlib", "third_party\zlib.vcxproj", "{2F7C928D-6E83-4F90-BB06-01550F4440F0}"
EndProject
Project("{8BC9CEB8-8B4A-11D0-8D11-00A0C91BC942}") = "libogg", "third_party\libogg.vcxproj", "{D484EADC-0134-472C-A47E-2A73646472A6}"
EndProject
Project("{8BC9CEB8-8B4A-11D0-8D11-00A0C91BC942}") = "libvorbis", "third_party\libvorbis.vcxproj", "{9F640561-5709-41BA-8B1A-8074FF00B488}"
EndProject
Project("{8BC9CEB8-8B4A-11D0-8D11-00A0C91BC942}") = "Graphics", "Graphics\Graphics.vcxproj", "{6F1511F9-D92F-4183-A4FE-F178B449801F}"
EndProject
Global
	GlobalSection(SolutionConfigurationPlatforms) = preSolution
		Debug|Linux = Debug|Linux
		Debug|x64 = Debug|x64
		Debug|x86 = Debug|x86
		Release|Linux = Release|Linux
		Release|x64 = Release|x64
		Release|x86 = Release|x86
	EndGlobalSection
	GlobalSection(ProjectConfigurationPlatforms) = postSolution
		{0CD73BCD-9070-4BCF-ADFD-898BD86B5826}.Debug|Linux.ActiveCfg = Debug|x64
		{0CD73BCD-9070-4BCF-ADFD-898BD86B5826}.Debug|x64.ActiveCfg = Debug|x64
		{0CD73BCD-9070-4BCF-ADFD-898BD86B5826}.Debug|x64.Build.0 = Debug|x64
		{0CD73BCD-9070-4BCF-ADFD-898BD86B5826}.Debug|x86.ActiveCfg = Debug|Win32
		{0CD73BCD-9070-4BCF-ADFD-898BD86B5826}.Debug|x86.Build.0 = Debug|Win32
		{0CD73BCD-9070-4BCF-ADFD-898BD86B5826}.Release|Linux.ActiveCfg = Release|x64
		{0CD73BCD-9070-4BCF-ADFD-898BD86B5826}.Release|x64.ActiveCfg = Release|x64
		{0CD73BCD-9070-4BCF-ADFD-898BD86B5826}.Release|x64.Build.0 = Release|x64
		{0CD73BCD-9070-4BCF-ADFD-898BD86B5826}.Release|x86.ActiveCfg = Release|Win32
		{0CD73BCD-9070-4BCF-ADFD-898BD86B5826}.Release|x86.Build.0 = Release|Win32
		{D7388E0F-7B3B-4154-A521-95571E89D0CA}.Debug|Linux.ActiveCfg = Debug|x64
		{D7388E0F-7B3B-4154-A521-95571E89D0CA}.Debug|x64.ActiveCfg = Debug|x64
		{D7388E0F-7B3B-4154-A521-95571E89D0CA}.Debug|x64.Build.0 = Debug|x64
		{D7388E0F-7B3B-4154-A521-95571E89D0CA}.Debug|x86.ActiveCfg = Debug|Win32
		{D7388E0F-7B3B-4154-A521-95571E89D0CA}.Debug|x86.Build.0 = Debug|Win32
		{D7388E0F-7B3B-4154-A521-95571E89D0CA}.Release|Linux.ActiveCfg = Release|x64
		{D7388E0F-7B3B-4154-A521-95571E89D0CA}.Release|x64.ActiveCfg = Release|x64
		{D7388E0F-7B3B-4154-A521-95571E89D0CA}.Release|x64.Build.0 = Release|x64
		{D7388E0F-7B3B-4154-A521-95571E89D0CA}.Release|x86.ActiveCfg = Release|Win32
		{D7388E0F-7B3B-4154-A521-95571E89D0CA}.Release|x86.Build.0 = Release|Win32
		{9271B263-87C5-4587-AF2F-1C1DB448DA95}.Debug|Linux.ActiveCfg = Debug|x64
		{9271B263-87C5-4587-AF2F-1C1DB448DA95}.Debug|x64.ActiveCfg = Debug|x64
		{9271B263-87C5-4587-AF2F-1C1DB448DA95}.Debug|x64.Build.0 = Debug|x64
		{9271B263-87C5-4587-AF2F-1C1DB448DA95}.Debug|x86.ActiveCfg = Debug|Win32
		{9271B263-87C5-4587-AF2F-1C1DB448DA95}.Debug|x86.Build.0 = Debug|Win32
		{9271B263-87C5-4587-AF2F-1C1DB448DA95}.Release|Linux.ActiveCfg = Release|x64
		{9271B263-87C5-4587-AF2F-1C1DB448DA95}.Release|x64.ActiveCfg = Release|x64
		{9271B263-87C5-4587-AF2F-1C1DB448DA95}.Release|x64.Build.0 = Release|x64
		{9271B263-87C5-4587-AF2F-1C1DB448DA95}.Release|x86.ActiveCfg = Release|Win32
		{9271B263-87C5-4587-AF2F-1C1DB448DA95}.Release|x86.Build.0 = Release|Win32
		{1C81B87B-89D0-41D0-96E4-EE1C9DA27FBC}.Debug|Linux.ActiveCfg = Debug|x64
		{1C81B87B-89D0-41D0-96E4-EE1C9DA27FBC}.Debug|x64.ActiveCfg = Debug|x64
		{1C81B87B-89D0-41D0-96E4-EE1C9DA27FBC}.Debug|x64.Build.0 = Debug|x64
		{1C81B87B-89D0-41D0-96E4-EE1C9DA27FBC}.Debug|x86.ActiveCfg = Debug|Win32
		{1C81B87B-89D0-41D0-96E4-EE1C9DA27FBC}.Debug|x86.Build.0 = Debug|Win32
		{1C81B87B-89D0-41D0-96E4-EE1C9DA27FBC}.Release|Linux.ActiveCfg = Release|x64
		{1C81B87B-89D0-41D0-96E4-EE1C9DA27FBC}.Release|x64.ActiveCfg = Release|x64
		{1C81B87B-89D0-41D0-96E4-EE1C9DA27FBC}.Release|x64.Build.0 = Release|x64
		{1C81B87B-89D0-41D0-96E4-EE1C9DA27FBC}.Release|x86.ActiveCfg = Release|Win32
		{1C81B87B-89D0-41D0-96E4-EE1C9DA27FBC}.Release|x86.Build.0 = Release|Win32
		{AA8C6DE9-0DBA-4F64-BA2C-937EFEEBB4ED}.Debug|Linux.ActiveCfg = Debug|x64
		{AA8C6DE9-0DBA-4F64-BA2C-937EFEEBB4ED}.Debug|x64.ActiveCfg = Debug|x64
		{AA8C6DE9-0DBA-4F64-BA2C-937EFEEBB4ED}.Debug|x64.Build.0 = Debug|x64
		{AA8C6DE9-0DBA-4F64-BA2C-937EFEEBB4ED}.Debug|x86.ActiveCfg = Debug|Win32
		{AA8C6DE9-0DBA-4F64-BA2C-937EFEEBB4ED}.Debug|x86.Build.0 = Debug|Win32
		{AA8C6DE9-0DBA-4F64-BA2C-937EFEEBB4ED}.Release|Linux.ActiveCfg = Release|x64
		{AA8C6DE9-0DBA-4F64-BA2C-937EFEEBB4ED}.Release|x64.ActiveCfg = Release|x64
		{AA8C6DE9-0DBA-4F64-BA2C-937EFEEBB4ED}.Release|x64.Build.0 = Release|x64
		{AA8C6DE9-0DBA-4F64-BA2C-937EFEEBB4ED}.Release|x86.ActiveCfg = Release|Win32
		{AA8C6DE9-0DBA-4F64-BA2C-937EFEEBB4ED}.Release|x86.Build.0 = Release|Win32
		{DE75831E-5515-4653-A8F3-5B6FFECC82CB}.Debug|Linux.ActiveCfg = Debug|x64
		{DE75831E-5515-4653-A8F3-5B6FFECC82CB}.Debug|x64.ActiveCfg = Debug|x64
		{DE75831E-5515-4653-A8F3-5B6FFECC82CB}.Debug|x64.Build.0 = Debug|x64
		{DE75831E-5515-4653-A8F3-5B6FFECC82CB}.Debug|x86.ActiveCfg = Debug|Win32
		{DE75831E-5515-4653-A8F3-5B6FFECC82CB}.Debug|x86.Build.0 = Debug|Win32
		{DE75831E-5515-4653-A8F3-5B6FFECC82CB}.Release|Linux.ActiveCfg = Release|x64
		{DE75831E-5515-4653-A8F3-5B6FFECC82CB}.Release|x64.ActiveCfg = Release|x64
		{DE75831E-5515-4653-A8F3-5B6FFECC82CB}.Release|x64.Build.0 = Release|x64
		{DE75831E-5515-4653-A8F3-5B6FFECC82CB}.Release|x86.ActiveCfg = Release|Win32
		{DE75831E-5515-4653-A8F3-5B6FFECC82CB}.Release|x86.Build.0 = Release|Win32
		{3CFCB135-A66C-493A-88C7-C5AB17CBBFBE}.Debug|Linux.ActiveCfg = Debug|x64
		{3CFCB135-A66C-493A-88C7-C5AB17CBBFBE}.Debug|x64.ActiveCfg = Debug|x64
		{3CFCB135-A66C-493A-88C7-C5AB17CBBFBE}.Debug|x86.ActiveCfg = Debug|Win32
		{3CFCB135-A66C-493A-88C7-C5AB17CBBFBE}.Debug|x86.Build.0 = Debug|Win32
		{3CFCB135-A66C-493A-88C7-C5AB17CBBFBE}.Release|Linux.ActiveCfg = Release|x64
		{3CFCB135-A66C-493A-88C7-C5AB17CBBFBE}.Release|x64.ActiveCfg = Release|x64
		{3CFCB135-A66C-493A-88C7-C5AB17CBBFBE}.Release|x64.Build.0 = Release|x64
		{3CFCB135-A66C-493A-88C7-C5AB17CBBFBE}.Release|x86.ActiveCfg = Release|Win32
		{3CFCB135-A66C-493A-88C7-C5AB17CBBFBE}.Release|x86.Build.0 = Release|Win32
		{0982A493-8511-4892-AE12-D1E924654CCC}.Debug|Linux.ActiveCfg = Debug|x64
		{0982A493-8511-4892-AE12-D1E924654CCC}.Debug|x64.ActiveCfg = Debug|x64
		{0982A493-8511-4892-AE12-D1E924654CCC}.Debug|x64.Build.0 = Debug|x64
		{0982A493-8511-4892-AE12-D1E924654CCC}.Debug|x86.ActiveCfg = Debug|Win32
		{0982A493-8511-4892-AE12-D1E924654CCC}.Debug|x86.Build.0 = Debug|Win32
		{0982A493-8511-4892-AE12-D1E924654CCC}.Release|Linux.ActiveCfg = Release|x64
		{0982A493-8511-4892-AE12-D1E924654CCC}.Release|x64.ActiveCfg = Release|x64
		{0982A493-8511-4892-AE12-D1E924654CCC}.Release|x64.Build.0 = Release|x64
		{0982A493-8511-4892-AE12-D1E924654CCC}.Release|x86.ActiveCfg = Release|Win32
		{0982A493-8511-4892-AE12-D1E924654CCC}.Release|x86.Build.0 = Release|Win32
		{2F7C928D-6E83-4F90-BB06-01550F4440F0}.Debug|Linux.ActiveCfg = Debug|x64
		{2F7C928D-6E83-4F90-BB06-01550F4440F0}.Debug|x64.ActiveCfg = Debug|x64
		{2F7C928D-6E83-4F90-BB06-01550F4440F0}.Debug|x64.Build.0 = Debug|x64
		{2F7C928D-6E83-4F90-BB06-01550F4440F0}.Debug|x86.ActiveCfg = Debug|Win32
		{2F7C928D-6E83-4F90-BB06-01550F4440F0}.Debug|x86.Build.0 = Debug|Win32
		{2F7C928D-6E83-4F90-BB06-01550F4440F0}.Release|Linux.ActiveCfg = Release|x64
		{2F7C928D-6E83-4F90-BB06-01550F4440F0}.Release|x64.ActiveCfg = Release|x64
		{2F7C928D-6E83-4F90-BB06-01550F4440F0}.Release|x64.Build.0 = Release|x64
		{2F7C928D-6E83-4F90-BB06-01550F4440F0}.Release|x86.ActiveCfg = Release|Win32
		{2F7C928D-6E83-4F90-BB06-01550F4440F0}.Release|x86.Build.0 = Release|Win32
		{D484EADC-0134-472C-A47E-2A73646472A6}.Debug|Linux.ActiveCfg = Debug|x64
		{D484EADC-0134-472C-A47E-2A73646472A6}.Debug|x64.ActiveCfg = Debug|x64
		{D484EADC-0134-472C-A47E-2A73646472A6}.Debug|x64.Build.0 = Debug|x64
		{D484EADC-0134-472C-A47E-2A73646472A6}.Debug|x86.ActiveCfg = Debug|Win32
		{D484EADC-0134-472C-A47E-2A73646472A6}.Debug|x86.Build.0 = Debug|Win32
		{D484EADC-0134-472C-A47E-2A73646472A6}.Release|Linux.ActiveCfg = Release|x64
		{D484EADC-0134-472C-A47E-2A73646472A6}.Release|x64.ActiveCfg = Release|x64
		{D484EADC-0134-472C-A47E-2A73646472A6}.Release|x64.Build.0 = Release|x64
		{D484EADC-0134-472C-A47E-2A73646472A6}.Release|x86.ActiveCfg = Release|Win32
		{D484EADC-0134-472C-A47E-2A73646472A6}.Release|x86.Build.0 = Release|Win32
		{9F640561-5709-41BA-8B1A-8074FF00B488}.Debug|Linux.ActiveCfg = Debug|x64
		{9F640561-5709-41BA-8B1A-8074FF00B488}.Debug|x64.ActiveCfg = Debug|x64
		{9F640561-5709-41BA-8B1A-8074FF00B488}.Debug|x64.Build.0 = Debug|x64
		{9F640561-5709-41BA-8B1A-8074FF00B488}.Debug|x86.ActiveCfg = Debug|Win32
		{9F640561-5709-41BA-8B1A-8074FF00B488}.Debug|x86.Build.0 = Debug|Win32
		{9F640561-5709-41BA-8B1A-8074FF00B488}.Release|Linux.ActiveCfg = Release|x64
		{9F640561-5709-41BA-8B1A-8074FF00B488}.Release|x64.ActiveCfg = Release|x64
		{9F640561-5709-41BA-8B1A-8074FF00B488}.Release|x64.Build.0 = Release|x64
		{9F640561-5709-41BA-8B1A-8074FF00B488}.Release|x86.ActiveCfg = Release|Win32
		{9F640561-5709-41BA-8B1A-8074FF00B488}.Release|x86.Build.0 = Release|Win32
		{6F1511F9-D92F-4183-A4FE-F178B449801F}.Debug|Linux.ActiveCfg = Debug|x64
		{6F1511F9-D92F-4183-A4FE-F178B449801F}.Debug|x64.ActiveCfg = Debug|x64
		{6F1511F9-D92F-4183-A4FE-F178B449801F}.Debug|x64.Build.0 = Debug|x64
		{6F1511F9-D92F-4183-A4FE-F178B449801F}.Debug|x86.ActiveCfg = Debug|Win32
		{6F1511F9-D92F-4183-A4FE-F178B449801F}.Debug|x86.Build.0 = Debug|Win32
		{6F1511F9-D92F-4183-A4FE-F178B449801F}.Release|Linux.ActiveCfg = Release|x64
		{6F1511F9-D92F-4183-A4FE-F178B449801F}.Release|x64.ActiveCfg = Release|x64
		{6F1511F9-D92F-4183-A4FE-F178B449801F}.Release|x64.Build.0 = Release|x64
		{6F1511F9-D92F-4183-A4FE-F178B449801F}.Release|x86.ActiveCfg = Release|Win32
		{6F1511F9-D92F-4183-A4FE-F178B449801F}.Release|x86.Build.0 = Release|Win32
	EndGlobalSection
	GlobalSection(SolutionProperties) = preSolution
		HideSolutionNode = FALSE
	EndGlobalSection
	GlobalSection(NestedProjects) = preSolution
		{D7388E0F-7B3B-4154-A521-95571E89D0CA} = {3E68A802-0FE2-4A44-82E8-C33450399CE1}
		{9271B263-87C5-4587-AF2F-1C1DB448DA95} = {C1EB7D80-0222-4E4B-9A89-2B578FDF52E7}
		{1C81B87B-89D0-41D0-96E4-EE1C9DA27FBC} = {C1EB7D80-0222-4E4B-9A89-2B578FDF52E7}
		{AA8C6DE9-0DBA-4F64-BA2C-937EFEEBB4ED} = {A22AC5EF-3FAB-4632-8A68-A680C23637F5}
		{DE75831E-5515-4653-A8F3-5B6FFECC82CB} = {A22AC5EF-3FAB-4632-8A68-A680C23637F5}
		{3CFCB135-A66C-493A-88C7-C5AB17CBBFBE} = {A22AC5EF-3FAB-4632-8A68-A680C23637F5}
		{0982A493-8511-4892-AE12-D1E924654CCC} = {A22AC5EF-3FAB-4632-8A68-A680C23637F5}
		{2F7C928D-6E83-4F90-BB06-01550F4440F0} = {A22AC5EF-3FAB-4632-8A68-A680C23637F5}
		{D484EADC-0134-472C-A47E-2A73646472A6} = {A22AC5EF-3FAB-4632-8A68-A680C23637F5}
		{9F640561-5709-41BA-8B1A-8074FF00B488} = {A22AC5EF-3FAB-4632-8A68-A680C23637F5}
		{6F1511F9-D92F-4183-A4FE-F178B449801F} = {3E68A802-0FE2-4A44-82E8-C33450399CE1}
	EndGlobalSection
EndGlobal
